
Microsoft Visual Studio Solution File, Format Version 12.00
# Visual Studio Version 17
VisualStudioVersion = 17.6.33723.286
MinimumVisualStudioVersion = 10.0.40219.1
Project("{FAE04EC0-301F-11D3-BF4B-00C04F79EFBC}") = "Method Class Assignment", "Method Class Assignment.csproj", "{423DADD5-6E64-4E67-A4FC-A75937384E00}"
EndProject
Global
	GlobalSection(SolutionConfigurationPlatforms) = preSolution
		Debug|Any CPU = Debug|Any CPU
		Release|Any CPU = Release|Any CPU
	EndGlobalSection
	GlobalSection(ProjectConfigurationPlatforms) = postSolution
		{423DADD5-6E64-4E67-A4FC-A75937384E00}.Debug|Any CPU.ActiveCfg = Debug|Any CPU
		{423DADD5-6E64-4E67-A4FC-A75937384E00}.Debug|Any CPU.Build.0 = Debug|Any CPU
		{423DADD5-6E64-4E67-A4FC-A75937384E00}.Release|Any CPU.ActiveCfg = Release|Any CPU
		{423DADD5-6E64-4E67-A4FC-A75937384E00}.Release|Any CPU.Build.0 = Release|Any CPU
	EndGlobalSection
	GlobalSection(SolutionProperties) = preSolution
		HideSolutionNode = FALSE
	EndGlobalSection
	GlobalSection(ExtensibilityGlobals) = postSolution
		SolutionGuid = {1737BD13-96C0-494D-884E-38CE80F0C5F3}
	EndGlobalSection
EndGlobal
